
Microsoft Visual Studio Solution File, Format Version 12.00
# Visual Studio Version 17
VisualStudioVersion = 17.10.35122.118
MinimumVisualStudioVersion = 10.0.40219.1
Project("{9A19103F-16F7-4668-BE54-9A1E7A4F7556}") = "PoC.VirtualManager", "PoC.VirtualManager\PoC.VirtualManager.csproj", "{98965094-30A9-4E6B-9DB1-35549FD62F50}"
EndProject
Project("{9A19103F-16F7-4668-BE54-9A1E7A4F7556}") = "PoC.VirtualManager.Company.Plugins", "PoC.VirtualManager.Company.Plugins\PoC.VirtualManager.Company.Plugins.csproj", "{B6DDBEBF-CBD7-4EF1-B7C0-FB15A4BC4690}"
EndProject
Project("{9A19103F-16F7-4668-BE54-9A1E7A4F7556}") = "PoC.VirtualManager.Interactions.Slack.Listener", "PoC.VirtualManager.Interactions.Slack.Listener\PoC.VirtualManager.Interactions.Slack.Listener.csproj", "{959B8190-4247-41EE-A2A7-259C329899C4}"
EndProject
Project("{9A19103F-16F7-4668-BE54-9A1E7A4F7556}") = "PoC.VirtualManager.Interactions.GoogleMeets.Listener", "PoC.VirtualManager.Interactions.GoogleMeets.Listener\PoC.VirtualManager.Interactions.GoogleMeets.Listener.csproj", "{EB2D7161-FAA7-4B19-8DE8-8CEF797D4E8E}"
EndProject
Project("{2150E333-8FDC-42A3-9474-1A3956D46DE8}") = "interactions", "interactions", "{4969CDB6-6E08-4FED-AC3F-BD62084B4A81}"
EndProject
Project("{2150E333-8FDC-42A3-9474-1A3956D46DE8}") = "company", "company", "{3F61B614-049C-4457-9DBE-51039A473481}"
EndProject
Project("{9A19103F-16F7-4668-BE54-9A1E7A4F7556}") = "PoC.VirtualManager.Interactions.Models", "PoC.VirtualManager.Interactions.Models\PoC.VirtualManager.Interactions.Models.csproj", "{5B0149CE-5FC7-409F-826C-B7486BDE06C1}"
EndProject
Project("{2150E333-8FDC-42A3-9474-1A3956D46DE8}") = "tests", "tests", "{9E2795C1-3FA1-4BB2-BDD7-E2667E0CC5BF}"
EndProject
Project("{9A19103F-16F7-4668-BE54-9A1E7A4F7556}") = "PoC.VirtualManager.Slack.Client.Tests", "PoC.VirtualManager.Interactions.Slack.Listener.Tests\PoC.VirtualManager.Slack.Client.Tests.csproj", "{FABB1F7F-DD22-411B-8F3F-D7C1D4A0735B}"
EndProject
Project("{2150E333-8FDC-42A3-9474-1A3956D46DE8}") = "listeners", "listeners", "{4E9325BA-9E60-4901-B39A-40411F113349}"
EndProject
Project("{2150E333-8FDC-42A3-9474-1A3956D46DE8}") = "broadcasters", "broadcasters", "{DEB8AB9B-9E8F-49A2-BF8C-84D0560FBD73}"
EndProject
Project("{9A19103F-16F7-4668-BE54-9A1E7A4F7556}") = "PoC.VirtualManager.Interactions.Slack.Broadcaster", "PoC.VirtualManager.Interactions.Slack.Provider\PoC.VirtualManager.Interactions.Slack.Broadcaster.csproj", "{8D5E97A9-9167-4943-B955-5DE291DD82A2}"
EndProject
Project("{2150E333-8FDC-42A3-9474-1A3956D46DE8}") = "clients", "clients", "{F5ED676E-EB3D-495C-AFFD-61C77DC24259}"
EndProject
Project("{9A19103F-16F7-4668-BE54-9A1E7A4F7556}") = "PoC.VirtualManager.Slack.Client", "PoC.VirtualManager.Slack.Client\PoC.VirtualManager.Slack.Client.csproj", "{208A66ED-4B0D-4C16-86C4-421362940E9C}"
EndProject
Project("{2150E333-8FDC-42A3-9474-1A3956D46DE8}") = "infrastructure", "infrastructure", "{BEAF579D-EA55-444D-9C4D-F246474D6330}"
EndProject
Project("{9A19103F-16F7-4668-BE54-9A1E7A4F7556}") = "PoC.VirtualManager.Company.Infrastructure", "PoC.VirtualManager.Company.Infrastructure\PoC.VirtualManager.Company.Infrastructure.csproj", "{E841089E-0A9F-4C6F-940A-B0A05EBA9B8F}"
EndProject
Project("{9A19103F-16F7-4668-BE54-9A1E7A4F7556}") = "PoC.VirtualManager.Company.Models", "PoC.VirtualManager.Company.Models\PoC.VirtualManager.Company.Models.csproj", "{B8D7A66E-FC45-4D4E-A493-26288B5065A9}"
EndProject
Project("{2150E333-8FDC-42A3-9474-1A3956D46DE8}") = "tools", "tools", "{FFDAA1BB-463C-4FB6-B161-EF7595ED0005}"
EndProject
Project("{9A19103F-16F7-4668-BE54-9A1E7A4F7556}") = "PoC.VirtualManager.CreateTeams", "PoC.VirtualManager.CreateTeams\PoC.VirtualManager.CreateTeams.csproj", "{2C3D3FE5-9304-446A-A764-AA8047763B56}"
EndProject
Project("{9A19103F-16F7-4668-BE54-9A1E7A4F7556}") = "PoC.VirtualManager.Interactions.Infrastructure", "PoC.VirtualManager.Interactions.Infrastructure\PoC.VirtualManager.Interactions.Infrastructure.csproj", "{86F7F9DB-3C50-409C-A931-935F57AB0832}"
EndProject
Project("{2150E333-8FDC-42A3-9474-1A3956D46DE8}") = "plugins", "plugins", "{EE56FC00-343C-46B3-8525-F2203DDEF56B}"
EndProject
Project("{9A19103F-16F7-4668-BE54-9A1E7A4F7556}") = "PoC.VirtualManager.Interactions.Slack.Plugins", "PoC.VirtualManager.Interactions.Slack.Plugins\PoC.VirtualManager.Interactions.Slack.Plugins.csproj", "{561DD093-4D92-4EEA-A844-8C5640865930}"
EndProject
Project("{2150E333-8FDC-42A3-9474-1A3956D46DE8}") = "playground", "playground", "{0F61BE25-40B5-4453-BD72-F8CF571F7177}"
EndProject
Project("{9A19103F-16F7-4668-BE54-9A1E7A4F7556}") = "PoC.VirtualManager.Playground", "PoC.VirtualManager.Playground\PoC.VirtualManager.Playground.csproj", "{F993F3AF-0D8A-49F8-BEFC-93A382C9EB31}"
EndProject
Project("{2150E333-8FDC-42A3-9474-1A3956D46DE8}") = "tests", "tests", "{175FF763-FA96-445A-9621-55855D2CBC8E}"
EndProject
Project("{9A19103F-16F7-4668-BE54-9A1E7A4F7556}") = "PoC.VirtualManager.Playground.Tests", "PoC.VirtualManager.Playground.Tests\PoC.VirtualManager.Playground.Tests.csproj", "{49625287-4481-4458-AEA9-713211AA4007}"
EndProject
Project("{9A19103F-16F7-4668-BE54-9A1E7A4F7556}") = "PoC.VirtualManager.FineTuning", "PoC.VirtualManager.FineTuning\PoC.VirtualManager.FineTuning.csproj", "{50A1BF13-293B-4E48-9ECE-34DD6AFE183B}"
EndProject
Project("{2150E333-8FDC-42A3-9474-1A3956D46DE8}") = "utils", "utils", "{B2009075-DA02-4DAD-B793-751F54C635BC}"
EndProject
Project("{9A19103F-16F7-4668-BE54-9A1E7A4F7556}") = "PoC.VirtualManager.Utils.MongoDb", "PoC.VirtualManager.Utils.MongoDb\PoC.VirtualManager.Utils.MongoDb.csproj", "{433D3F11-C076-43B2-89ED-BF85D09163C2}"
EndProject
Project("{9A19103F-16F7-4668-BE54-9A1E7A4F7556}") = "PoC.VirtualManager.Company.Api", "PoC.VirtualManager.Company.Api\PoC.VirtualManager.Company.Api.csproj", "{85E7BA22-B3DC-4B68-8B24-84D1418A4A31}"
EndProject
Project("{9A19103F-16F7-4668-BE54-9A1E7A4F7556}") = "PoC.VirtualManager.Company.Client", "PoC.VirtualManager.Company.Client\PoC.VirtualManager.Company.Client.csproj", "{938DD8E4-A8F2-454E-836E-57D6B7FA657A}"
EndProject
Global
	GlobalSection(SolutionConfigurationPlatforms) = preSolution
		Debug|Any CPU = Debug|Any CPU
		Release|Any CPU = Release|Any CPU
	EndGlobalSection
	GlobalSection(ProjectConfigurationPlatforms) = postSolution
		{98965094-30A9-4E6B-9DB1-35549FD62F50}.Debug|Any CPU.ActiveCfg = Debug|Any CPU
		{98965094-30A9-4E6B-9DB1-35549FD62F50}.Debug|Any CPU.Build.0 = Debug|Any CPU
		{98965094-30A9-4E6B-9DB1-35549FD62F50}.Release|Any CPU.ActiveCfg = Release|Any CPU
		{98965094-30A9-4E6B-9DB1-35549FD62F50}.Release|Any CPU.Build.0 = Release|Any CPU
		{B6DDBEBF-CBD7-4EF1-B7C0-FB15A4BC4690}.Debug|Any CPU.ActiveCfg = Debug|Any CPU
		{B6DDBEBF-CBD7-4EF1-B7C0-FB15A4BC4690}.Debug|Any CPU.Build.0 = Debug|Any CPU
		{B6DDBEBF-CBD7-4EF1-B7C0-FB15A4BC4690}.Release|Any CPU.ActiveCfg = Release|Any CPU
		{B6DDBEBF-CBD7-4EF1-B7C0-FB15A4BC4690}.Release|Any CPU.Build.0 = Release|Any CPU
		{959B8190-4247-41EE-A2A7-259C329899C4}.Debug|Any CPU.ActiveCfg = Debug|Any CPU
		{959B8190-4247-41EE-A2A7-259C329899C4}.Debug|Any CPU.Build.0 = Debug|Any CPU
		{959B8190-4247-41EE-A2A7-259C329899C4}.Release|Any CPU.ActiveCfg = Release|Any CPU
		{959B8190-4247-41EE-A2A7-259C329899C4}.Release|Any CPU.Build.0 = Release|Any CPU
		{EB2D7161-FAA7-4B19-8DE8-8CEF797D4E8E}.Debug|Any CPU.ActiveCfg = Debug|Any CPU
		{EB2D7161-FAA7-4B19-8DE8-8CEF797D4E8E}.Debug|Any CPU.Build.0 = Debug|Any CPU
		{EB2D7161-FAA7-4B19-8DE8-8CEF797D4E8E}.Release|Any CPU.ActiveCfg = Release|Any CPU
		{EB2D7161-FAA7-4B19-8DE8-8CEF797D4E8E}.Release|Any CPU.Build.0 = Release|Any CPU
		{5B0149CE-5FC7-409F-826C-B7486BDE06C1}.Debug|Any CPU.ActiveCfg = Debug|Any CPU
		{5B0149CE-5FC7-409F-826C-B7486BDE06C1}.Debug|Any CPU.Build.0 = Debug|Any CPU
		{5B0149CE-5FC7-409F-826C-B7486BDE06C1}.Release|Any CPU.ActiveCfg = Release|Any CPU
		{5B0149CE-5FC7-409F-826C-B7486BDE06C1}.Release|Any CPU.Build.0 = Release|Any CPU
		{FABB1F7F-DD22-411B-8F3F-D7C1D4A0735B}.Debug|Any CPU.ActiveCfg = Debug|Any CPU
		{FABB1F7F-DD22-411B-8F3F-D7C1D4A0735B}.Debug|Any CPU.Build.0 = Debug|Any CPU
		{FABB1F7F-DD22-411B-8F3F-D7C1D4A0735B}.Release|Any CPU.ActiveCfg = Release|Any CPU
		{FABB1F7F-DD22-411B-8F3F-D7C1D4A0735B}.Release|Any CPU.Build.0 = Release|Any CPU
		{8D5E97A9-9167-4943-B955-5DE291DD82A2}.Debug|Any CPU.ActiveCfg = Debug|Any CPU
		{8D5E97A9-9167-4943-B955-5DE291DD82A2}.Debug|Any CPU.Build.0 = Debug|Any CPU
		{8D5E97A9-9167-4943-B955-5DE291DD82A2}.Release|Any CPU.ActiveCfg = Release|Any CPU
		{8D5E97A9-9167-4943-B955-5DE291DD82A2}.Release|Any CPU.Build.0 = Release|Any CPU
		{208A66ED-4B0D-4C16-86C4-421362940E9C}.Debug|Any CPU.ActiveCfg = Debug|Any CPU
		{208A66ED-4B0D-4C16-86C4-421362940E9C}.Debug|Any CPU.Build.0 = Debug|Any CPU
		{208A66ED-4B0D-4C16-86C4-421362940E9C}.Release|Any CPU.ActiveCfg = Release|Any CPU
		{208A66ED-4B0D-4C16-86C4-421362940E9C}.Release|Any CPU.Build.0 = Release|Any CPU
		{E841089E-0A9F-4C6F-940A-B0A05EBA9B8F}.Debug|Any CPU.ActiveCfg = Debug|Any CPU
		{E841089E-0A9F-4C6F-940A-B0A05EBA9B8F}.Debug|Any CPU.Build.0 = Debug|Any CPU
		{E841089E-0A9F-4C6F-940A-B0A05EBA9B8F}.Release|Any CPU.ActiveCfg = Release|Any CPU
		{E841089E-0A9F-4C6F-940A-B0A05EBA9B8F}.Release|Any CPU.Build.0 = Release|Any CPU
		{B8D7A66E-FC45-4D4E-A493-26288B5065A9}.Debug|Any CPU.ActiveCfg = Debug|Any CPU
		{B8D7A66E-FC45-4D4E-A493-26288B5065A9}.Debug|Any CPU.Build.0 = Debug|Any CPU
		{B8D7A66E-FC45-4D4E-A493-26288B5065A9}.Release|Any CPU.ActiveCfg = Release|Any CPU
		{B8D7A66E-FC45-4D4E-A493-26288B5065A9}.Release|Any CPU.Build.0 = Release|Any CPU
		{2C3D3FE5-9304-446A-A764-AA8047763B56}.Debug|Any CPU.ActiveCfg = Debug|Any CPU
		{2C3D3FE5-9304-446A-A764-AA8047763B56}.Debug|Any CPU.Build.0 = Debug|Any CPU
		{2C3D3FE5-9304-446A-A764-AA8047763B56}.Release|Any CPU.ActiveCfg = Release|Any CPU
		{2C3D3FE5-9304-446A-A764-AA8047763B56}.Release|Any CPU.Build.0 = Release|Any CPU
		{86F7F9DB-3C50-409C-A931-935F57AB0832}.Debug|Any CPU.ActiveCfg = Debug|Any CPU
		{86F7F9DB-3C50-409C-A931-935F57AB0832}.Debug|Any CPU.Build.0 = Debug|Any CPU
		{86F7F9DB-3C50-409C-A931-935F57AB0832}.Release|Any CPU.ActiveCfg = Release|Any CPU
		{86F7F9DB-3C50-409C-A931-935F57AB0832}.Release|Any CPU.Build.0 = Release|Any CPU
		{561DD093-4D92-4EEA-A844-8C5640865930}.Debug|Any CPU.ActiveCfg = Debug|Any CPU
		{561DD093-4D92-4EEA-A844-8C5640865930}.Debug|Any CPU.Build.0 = Debug|Any CPU
		{561DD093-4D92-4EEA-A844-8C5640865930}.Release|Any CPU.ActiveCfg = Release|Any CPU
		{561DD093-4D92-4EEA-A844-8C5640865930}.Release|Any CPU.Build.0 = Release|Any CPU
		{F993F3AF-0D8A-49F8-BEFC-93A382C9EB31}.Debug|Any CPU.ActiveCfg = Debug|Any CPU
		{F993F3AF-0D8A-49F8-BEFC-93A382C9EB31}.Debug|Any CPU.Build.0 = Debug|Any CPU
		{F993F3AF-0D8A-49F8-BEFC-93A382C9EB31}.Release|Any CPU.ActiveCfg = Release|Any CPU
		{F993F3AF-0D8A-49F8-BEFC-93A382C9EB31}.Release|Any CPU.Build.0 = Release|Any CPU
		{49625287-4481-4458-AEA9-713211AA4007}.Debug|Any CPU.ActiveCfg = Debug|Any CPU
		{49625287-4481-4458-AEA9-713211AA4007}.Debug|Any CPU.Build.0 = Debug|Any CPU
		{49625287-4481-4458-AEA9-713211AA4007}.Release|Any CPU.ActiveCfg = Release|Any CPU
		{49625287-4481-4458-AEA9-713211AA4007}.Release|Any CPU.Build.0 = Release|Any CPU
		{50A1BF13-293B-4E48-9ECE-34DD6AFE183B}.Debug|Any CPU.ActiveCfg = Debug|Any CPU
		{50A1BF13-293B-4E48-9ECE-34DD6AFE183B}.Debug|Any CPU.Build.0 = Debug|Any CPU
		{50A1BF13-293B-4E48-9ECE-34DD6AFE183B}.Release|Any CPU.ActiveCfg = Release|Any CPU
		{50A1BF13-293B-4E48-9ECE-34DD6AFE183B}.Release|Any CPU.Build.0 = Release|Any CPU
		{433D3F11-C076-43B2-89ED-BF85D09163C2}.Debug|Any CPU.ActiveCfg = Debug|Any CPU
		{433D3F11-C076-43B2-89ED-BF85D09163C2}.Debug|Any CPU.Build.0 = Debug|Any CPU
		{433D3F11-C076-43B2-89ED-BF85D09163C2}.Release|Any CPU.ActiveCfg = Release|Any CPU
		{433D3F11-C076-43B2-89ED-BF85D09163C2}.Release|Any CPU.Build.0 = Release|Any CPU
		{85E7BA22-B3DC-4B68-8B24-84D1418A4A31}.Debug|Any CPU.ActiveCfg = Debug|Any CPU
		{85E7BA22-B3DC-4B68-8B24-84D1418A4A31}.Debug|Any CPU.Build.0 = Debug|Any CPU
		{85E7BA22-B3DC-4B68-8B24-84D1418A4A31}.Release|Any CPU.ActiveCfg = Release|Any CPU
		{85E7BA22-B3DC-4B68-8B24-84D1418A4A31}.Release|Any CPU.Build.0 = Release|Any CPU
		{938DD8E4-A8F2-454E-836E-57D6B7FA657A}.Debug|Any CPU.ActiveCfg = Debug|Any CPU
		{938DD8E4-A8F2-454E-836E-57D6B7FA657A}.Debug|Any CPU.Build.0 = Debug|Any CPU
		{938DD8E4-A8F2-454E-836E-57D6B7FA657A}.Release|Any CPU.ActiveCfg = Release|Any CPU
		{938DD8E4-A8F2-454E-836E-57D6B7FA657A}.Release|Any CPU.Build.0 = Release|Any CPU
	EndGlobalSection
	GlobalSection(SolutionProperties) = preSolution
		HideSolutionNode = FALSE
	EndGlobalSection
	GlobalSection(NestedProjects) = preSolution
		{B6DDBEBF-CBD7-4EF1-B7C0-FB15A4BC4690} = {3F61B614-049C-4457-9DBE-51039A473481}
		{959B8190-4247-41EE-A2A7-259C329899C4} = {4E9325BA-9E60-4901-B39A-40411F113349}
		{EB2D7161-FAA7-4B19-8DE8-8CEF797D4E8E} = {4E9325BA-9E60-4901-B39A-40411F113349}
		{5B0149CE-5FC7-409F-826C-B7486BDE06C1} = {BEAF579D-EA55-444D-9C4D-F246474D6330}
		{9E2795C1-3FA1-4BB2-BDD7-E2667E0CC5BF} = {F5ED676E-EB3D-495C-AFFD-61C77DC24259}
		{FABB1F7F-DD22-411B-8F3F-D7C1D4A0735B} = {9E2795C1-3FA1-4BB2-BDD7-E2667E0CC5BF}
		{4E9325BA-9E60-4901-B39A-40411F113349} = {4969CDB6-6E08-4FED-AC3F-BD62084B4A81}
		{DEB8AB9B-9E8F-49A2-BF8C-84D0560FBD73} = {4969CDB6-6E08-4FED-AC3F-BD62084B4A81}
		{8D5E97A9-9167-4943-B955-5DE291DD82A2} = {DEB8AB9B-9E8F-49A2-BF8C-84D0560FBD73}
		{F5ED676E-EB3D-495C-AFFD-61C77DC24259} = {4969CDB6-6E08-4FED-AC3F-BD62084B4A81}
		{208A66ED-4B0D-4C16-86C4-421362940E9C} = {F5ED676E-EB3D-495C-AFFD-61C77DC24259}
		{BEAF579D-EA55-444D-9C4D-F246474D6330} = {4969CDB6-6E08-4FED-AC3F-BD62084B4A81}
		{E841089E-0A9F-4C6F-940A-B0A05EBA9B8F} = {3F61B614-049C-4457-9DBE-51039A473481}
		{B8D7A66E-FC45-4D4E-A493-26288B5065A9} = {3F61B614-049C-4457-9DBE-51039A473481}
		{FFDAA1BB-463C-4FB6-B161-EF7595ED0005} = {3F61B614-049C-4457-9DBE-51039A473481}
		{2C3D3FE5-9304-446A-A764-AA8047763B56} = {FFDAA1BB-463C-4FB6-B161-EF7595ED0005}
		{86F7F9DB-3C50-409C-A931-935F57AB0832} = {BEAF579D-EA55-444D-9C4D-F246474D6330}
		{EE56FC00-343C-46B3-8525-F2203DDEF56B} = {4969CDB6-6E08-4FED-AC3F-BD62084B4A81}
		{561DD093-4D92-4EEA-A844-8C5640865930} = {EE56FC00-343C-46B3-8525-F2203DDEF56B}
		{F993F3AF-0D8A-49F8-BEFC-93A382C9EB31} = {0F61BE25-40B5-4453-BD72-F8CF571F7177}
		{175FF763-FA96-445A-9621-55855D2CBC8E} = {0F61BE25-40B5-4453-BD72-F8CF571F7177}
		{49625287-4481-4458-AEA9-713211AA4007} = {175FF763-FA96-445A-9621-55855D2CBC8E}
		{433D3F11-C076-43B2-89ED-BF85D09163C2} = {B2009075-DA02-4DAD-B793-751F54C635BC}
		{85E7BA22-B3DC-4B68-8B24-84D1418A4A31} = {3F61B614-049C-4457-9DBE-51039A473481}
		{938DD8E4-A8F2-454E-836E-57D6B7FA657A} = {3F61B614-049C-4457-9DBE-51039A473481}
	EndGlobalSection
	GlobalSection(ExtensibilityGlobals) = postSolution
		SolutionGuid = {EE73187D-7066-44CB-A088-C27CA58A1FD4}
	EndGlobalSection
EndGlobal
